// !$*UTF8*$!
{
	archiveVersion = 1;
	classes = {
	};
	objectVersion = 50;
	objects = {

/* Begin PBXBuildFile section */
		A24CCD5E263400D900EEEE34 /* AppDelegate.swift in Sources */ = {isa = PBXBuildFile; fileRef = A24CCD5D263400D900EEEE34 /* AppDelegate.swift */; };
		A24CCD60263400D900EEEE34 /* SceneDelegate.swift in Sources */ = {isa = PBXBuildFile; fileRef = A24CCD5F263400D900EEEE34 /* SceneDelegate.swift */; };
		A24CCD62263400D900EEEE34 /* ContentView.swift in Sources */ = {isa = PBXBuildFile; fileRef = A24CCD61263400D900EEEE34 /* ContentView.swift */; };
		A24CCD64263400DC00EEEE34 /* Assets.xcassets in Resources */ = {isa = PBXBuildFile; fileRef = A24CCD63263400DC00EEEE34 /* Assets.xcassets */; };
		A24CCD67263400DC00EEEE34 /* Preview Assets.xcassets in Resources */ = {isa = PBXBuildFile; fileRef = A24CCD66263400DC00EEEE34 /* Preview Assets.xcassets */; };
		A24CCD6A263400DC00EEEE34 /* LaunchScreen.storyboard in Resources */ = {isa = PBXBuildFile; fileRef = A24CCD68263400DC00EEEE34 /* LaunchScreen.storyboard */; };
		A24CCD732634015100EEEE34 /* Menu.swift in Sources */ = {isa = PBXBuildFile; fileRef = A24CCD722634015100EEEE34 /* Menu.swift */; };
/* End PBXBuildFile section */

/* Begin PBXFileReference section */
		A24CCD5A263400D900EEEE34 /* SwiftUIDietLog.app */ = {isa = PBXFileReference; explicitFileType = wrapper.application; includeInIndex = 0; path = SwiftUIDietLog.app; sourceTree = BUILT_PRODUCTS_DIR; };
		A24CCD5D263400D900EEEE34 /* AppDelegate.swift */ = {isa = PBXFileReference; lastKnownFileType = sourcecode.swift; path = AppDelegate.swift; sourceTree = "<group>"; };
		A24CCD5F263400D900EEEE34 /* SceneDelegate.swift */ = {isa = PBXFileReference; lastKnownFileType = sourcecode.swift; path = SceneDelegate.swift; sourceTree = "<group>"; };
		A24CCD61263400D900EEEE34 /* ContentView.swift */ = {isa = PBXFileReference; lastKnownFileType = sourcecode.swift; path = ContentView.swift; sourceTree = "<group>"; };
		A24CCD63263400DC00EEEE34 /* Assets.xcassets */ = {isa = PBXFileReference; lastKnownFileType = folder.assetcatalog; path = Assets.xcassets; sourceTree = "<group>"; };
		A24CCD66263400DC00EEEE34 /* Preview Assets.xcassets */ = {isa = PBXFileReference; lastKnownFileType = folder.assetcatalog; path = "Preview Assets.xcassets"; sourceTree = "<group>"; };
		A24CCD69263400DC00EEEE34 /* Base */ = {isa = PBXFileReference; lastKnownFileType = file.storyboard; name = Base; path = Base.lproj/LaunchScreen.storyboard; sourceTree = "<group>"; };
		A24CCD6B263400DC00EEEE34 /* Info.plist */ = {isa = PBXFileReference; lastKnownFileType = text.plist.xml; path = Info.plist; sourceTree = "<group>"; };
		A24CCD722634015100EEEE34 /* Menu.swift */ = {isa = PBXFileReference; lastKnownFileType = sourcecode.swift; path = Menu.swift; sourceTree = "<group>"; };
/* End PBXFileReference section */

/* Begin PBXFrameworksBuildPhase section */
		A24CCD57263400D900EEEE34 /* Frameworks */ = {
			isa = PBXFrameworksBuildPhase;
			buildActionMask = 2147483647;
			files = (
			);
			runOnlyForDeploymentPostprocessing = 0;
		};
/* End PBXFrameworksBuildPhase section */

/* Begin PBXGroup section */
		A24CCD51263400D900EEEE34 = {
			isa = PBXGroup;
			children = (
				A24CCD5C263400D900EEEE34 /* SwiftUIDietLog */,
				A24CCD5B263400D900EEEE34 /* Products */,
			);
			sourceTree = "<group>";
		};
		A24CCD5B263400D900EEEE34 /* Products */ = {
			isa = PBXGroup;
			children = (
				A24CCD5A263400D900EEEE34 /* SwiftUIDietLog.app */,
			);
			name = Products;
			sourceTree = "<group>";
		};
		A24CCD5C263400D900EEEE34 /* SwiftUIDietLog */ = {
			isa = PBXGroup;
			children = (
				A24CCD5D263400D900EEEE34 /* AppDelegate.swift */,
				A24CCD5F263400D900EEEE34 /* SceneDelegate.swift */,
				A24CCD61263400D900EEEE34 /* ContentView.swift */,
				A24CCD63263400DC00EEEE34 /* Assets.xcassets */,
				A24CCD68263400DC00EEEE34 /* LaunchScreen.storyboard */,
				A24CCD6B263400DC00EEEE34 /* Info.plist */,
				A24CCD65263400DC00EEEE34 /* Preview Content */,
				A24CCD722634015100EEEE34 /* Menu.swift */,
			);
			path = SwiftUIDietLog;
			sourceTree = "<group>";
		};
		A24CCD65263400DC00EEEE34 /* Preview Content */ = {
			isa = PBXGroup;
			children = (
				A24CCD66263400DC00EEEE34 /* Preview Assets.xcassets */,
			);
			path = "Preview Content";
			sourceTree = "<group>";
		};
/* End PBXGroup section */

/* Begin PBXNativeTarget section */
		A24CCD59263400D900EEEE34 /* SwiftUIDietLog */ = {
			isa = PBXNativeTarget;
			buildConfigurationList = A24CCD6E263400DC00EEEE34 /* Build configuration list for PBXNativeTarget "SwiftUIDietLog" */;
			buildPhases = (
				A24CCD56263400D900EEEE34 /* Sources */,
				A24CCD57263400D900EEEE34 /* Frameworks */,
				A24CCD58263400D900EEEE34 /* Resources */,
			);
			buildRules = (
			);
			dependencies = (
			);
			name = SwiftUIDietLog;
			productName = SwiftUIDietLog;
			productReference = A24CCD5A263400D900EEEE34 /* SwiftUIDietLog.app */;
			productType = "com.apple.product-type.application";
		};
/* End PBXNativeTarget section */

/* Begin PBXProject section */
		A24CCD52263400D900EEEE34 /* Project object */ = {
			isa = PBXProject;
			attributes = {
				LastSwiftUpdateCheck = 1240;
				LastUpgradeCheck = 1240;
				TargetAttributes = {
					A24CCD59263400D900EEEE34 = {
						CreatedOnToolsVersion = 12.4;
					};
				};
			};
			buildConfigurationList = A24CCD55263400D900EEEE34 /* Build configuration list for PBXProject "SwiftUIDietLog" */;
			compatibilityVersion = "Xcode 9.3";
			developmentRegion = en;
			hasScannedForEncodings = 0;
			knownRegions = (
				en,
				Base,
			);
			mainGroup = A24CCD51263400D900EEEE34;
			productRefGroup = A24CCD5B263400D900EEEE34 /* Products */;
			projectDirPath = "";
			projectRoot = "";
			targets = (
				A24CCD59263400D900EEEE34 /* SwiftUIDietLog */,
			);
		};
/* End PBXProject section */

/* Begin PBXResourcesBuildPhase section */
		A24CCD58263400D900EEEE34 /* Resources */ = {
			isa = PBXResourcesBuildPhase;
			buildActionMask = 2147483647;
			files = (
				A24CCD6A263400DC00EEEE34 /* LaunchScreen.storyboard in Resources */,
				A24CCD67263400DC00EEEE34 /* Preview Assets.xcassets in Resources */,
				A24CCD64263400DC00EEEE34 /* Assets.xcassets in Resources */,
			);
			runOnlyForDeploymentPostprocessing = 0;
		};
/* End PBXResourcesBuildPhase section */

/* Begin PBXSourcesBuildPhase section */
		A24CCD56263400D900EEEE34 /* Sources */ = {
			isa = PBXSourcesBuildPhase;
			buildActionMask = 2147483647;
			files = (
				A24CCD5E263400D900EEEE34 /* AppDelegate.swift in Sources */,
				A24CCD60263400D900EEEE34 /* SceneDelegate.swift in Sources */,
				A24CCD732634015100EEEE34 /* Menu.swift in Sources */,
				A24CCD62263400D900EEEE34 /* ContentView.swift in Sources */,
			);
			runOnlyForDeploymentPostprocessing = 0;
		};
/* End PBXSourcesBuildPhase section */

/* Begin PBXVariantGroup section */
		A24CCD68263400DC00EEEE34 /* LaunchScreen.storyboard */ = {
			isa = PBXVariantGroup;
			children = (
				A24CCD69263400DC00EEEE34 /* Base */,
			);
			name = LaunchScreen.storyboard;
			sourceTree = "<group>";
		};
/* End PBXVariantGroup section */

/* Begin XCBuildConfiguration section */
		A24CCD6C263400DC00EEEE34 /* Debug */ = {
			isa = XCBuildConfiguration;
			buildSettings = {
				ALWAYS_SEARCH_USER_PATHS = NO;
				CLANG_ANALYZER_NONNULL = YES;
				CLANG_ANALYZER_NUMBER_OBJECT_CONVERSION = YES_AGGRESSIVE;
				CLANG_CXX_LANGUAGE_STANDARD = "gnu++14";
				CLANG_CXX_LIBRARY = "libc++";
				CLANG_ENABLE_MODULES = YES;
				CLANG_ENABLE_OBJC_ARC = YES;
				CLANG_ENABLE_OBJC_WEAK = YES;
				CLANG_WARN_BLOCK_CAPTURE_AUTORELEASING = YES;
				CLANG_WARN_BOOL_CONVERSION = YES;
				CLANG_WARN_COMMA = YES;
				CLANG_WARN_CONSTANT_CONVERSION = YES;
				CLANG_WARN_DEPRECATED_OBJC_IMPLEMENTATIONS = YES;
				CLANG_WARN_DIRECT_OBJC_ISA_USAGE = YES_ERROR;
				CLANG_WARN_DOCUMENTATION_COMMENTS = YES;
				CLANG_WARN_EMPTY_BODY = YES;
				CLANG_WARN_ENUM_CONVERSION = YES;
				CLANG_WARN_INFINITE_RECURSION = YES;
				CLANG_WARN_INT_CONVERSION = YES;
				CLANG_WARN_NON_LITERAL_NULL_CONVERSION = YES;
				CLANG_WARN_OBJC_IMPLICIT_RETAIN_SELF = YES;
				CLANG_WARN_OBJC_LITERAL_CONVERSION = YES;
				CLANG_WARN_OBJC_ROOT_CLASS = YES_ERROR;
				CLANG_WARN_QUOTED_INCLUDE_IN_FRAMEWORK_HEADER = YES;
				CLANG_WARN_RANGE_LOOP_ANALYSIS = YES;
				CLANG_WARN_STRICT_PROTOTYPES = YES;
				CLANG_WARN_SUSPICIOUS_MOVE = YES;
				CLANG_WARN_UNGUARDED_AVAILABILITY = YES_AGGRESSIVE;
				CLANG_WARN_UNREACHABLE_CODE = YES;
				CLANG_WARN__DUPLICATE_METHOD_MATCH = YES;
				COPY_PHASE_STRIP = NO;
				DEBUG_INFORMATION_FORMAT = dwarf;
				ENABLE_STRICT_OBJC_MSGSEND = YES;
				ENABLE_TESTABILITY = YES;
				GCC_C_LANGUAGE_STANDARD = gnu11;
				GCC_DYNAMIC_NO_PIC = NO;
				GCC_NO_COMMON_BLOCKS = YES;
				GCC_OPTIMIZATION_LEVEL = 0;
				GCC_PREPROCESSOR_DEFINITIONS = (
					"DEBUG=1",
					"$(inherited)",
				);
				GCC_WARN_64_TO_32_BIT_CONVERSION = YES;
				GCC_WARN_ABOUT_RETURN_TYPE = YES_ERROR;
				GCC_WARN_UNDECLARED_SELECTOR = YES;
				GCC_WARN_UNINITIALIZED_AUTOS = YES_AGGRESSIVE;
				GCC_WARN_UNUSED_FUNCTION = YES;
				GCC_WARN_UNUSED_VARIABLE = YES;
				IPHONEOS_DEPLOYMENT_TARGET = 14.4;
				MTL_ENABLE_DEBUG_INFO = INCLUDE_SOURCE;
				MTL_FAST_MATH = YES;
				ONLY_ACTIVE_ARCH = YES;
				SDKROOT = iphoneos;
				SWIFT_ACTIVE_COMPILATION_CONDITIONS = DEBUG;
				SWIFT_OPTIMIZATION_LEVEL = "-Onone";
			};
			name = Debug;
		};
		A24CCD6D263400DC00EEEE34 /* Release */ = {
			isa = XCBuildConfiguration;
			buildSettings = {
				ALWAYS_SEARCH_USER_PATHS = NO;
				CLANG_ANALYZER_NONNULL = YES;
				CLANG_ANALYZER_NUMBER_OBJECT_CONVERSION = YES_AGGRESSIVE;
				CLANG_CXX_LANGUAGE_STANDARD = "gnu++14";
				CLANG_CXX_LIBRARY = "libc++";
				CLANG_ENABLE_MODULES = YES;
				CLANG_ENABLE_OBJC_ARC = YES;
				CLANG_ENABLE_OBJC_WEAK = YES;
				CLANG_WARN_BLOCK_CAPTURE_AUTORELEASING = YES;
				CLANG_WARN_BOOL_CONVERSION = YES;
				CLANG_WARN_COMMA = YES;
				CLANG_WARN_CONSTANT_CONVERSION = YES;
				CLANG_WARN_DEPRECATED_OBJC_IMPLEMENTATIONS = YES;
				CLANG_WARN_DIRECT_OBJC_ISA_USAGE = YES_ERROR;
				CLANG_WARN_DOCUMENTATION_COMMENTS = YES;
				CLANG_WARN_EMPTY_BODY = YES;
				CLANG_WARN_ENUM_CONVERSION = YES;
				CLANG_WARN_INFINITE_RECURSION = YES;
				CLANG_WARN_INT_CONVERSION = YES;
				CLANG_WARN_NON_LITERAL_NULL_CONVERSION = YES;
				CLANG_WARN_OBJC_IMPLICIT_RETAIN_SELF = YES;
				CLANG_WARN_OBJC_LITERAL_CONVERSION = YES;
				CLANG_WARN_OBJC_ROOT_CLASS = YES_ERROR;
				CLANG_WARN_QUOTED_INCLUDE_IN_FRAMEWORK_HEADER = YES;
				CLANG_WARN_RANGE_LOOP_ANALYSIS = YES;
				CLANG_WARN_STRICT_PROTOTYPES = YES;
				CLANG_WARN_SUSPICIOUS_MOVE = YES;
				CLANG_WARN_UNGUARDED_AVAILABILITY = YES_AGGRESSIVE;
				CLANG_WARN_UNREACHABLE_CODE = YES;
				CLANG_WARN__DUPLICATE_METHOD_MATCH = YES;
				COPY_PHASE_STRIP = NO;
				DEBUG_INFORMATION_FORMAT = "dwarf-with-dsym";
				ENABLE_NS_ASSERTIONS = NO;
				ENABLE_STRICT_OBJC_MSGSEND = YES;
				GCC_C_LANGUAGE_STANDARD = gnu11;
				GCC_NO_COMMON_BLOCKS = YES;
				GCC_WARN_64_TO_32_BIT_CONVERSION = YES;
				GCC_WARN_ABOUT_RETURN_TYPE = YES_ERROR;
				GCC_WARN_UNDECLARED_SELECTOR = YES;
				GCC_WARN_UNINITIALIZED_AUTOS = YES_AGGRESSIVE;
				GCC_WARN_UNUSED_FUNCTION = YES;
				GCC_WARN_UNUSED_VARIABLE = YES;
				IPHONEOS_DEPLOYMENT_TARGET = 14.4;
				MTL_ENABLE_DEBUG_INFO = NO;
				MTL_FAST_MATH = YES;
				SDKROOT = iphoneos;
				SWIFT_COMPILATION_MODE = wholemodule;
				SWIFT_OPTIMIZATION_LEVEL = "-O";
				VALIDATE_PRODUCT = YES;
			};
			name = Release;
		};
		A24CCD6F263400DC00EEEE34 /* Debug */ = {
			isa = XCBuildConfiguration;
			buildSettings = {
				ASSETCATALOG_COMPILER_APPICON_NAME = AppIcon;
				ASSETCATALOG_COMPILER_GLOBAL_ACCENT_COLOR_NAME = AccentColor;
				CODE_SIGN_STYLE = Automatic;
				DEVELOPMENT_ASSET_PATHS = "\"SwiftUIDietLog/Preview Content\"";
				DEVELOPMENT_TEAM = 6TFM969564;
				ENABLE_PREVIEWS = YES;
				INFOPLIST_FILE = SwiftUIDietLog/Info.plist;
				LD_RUNPATH_SEARCH_PATHS = (
					"$(inherited)",
					"@executable_path/Frameworks",
				);
				PRODUCT_BUNDLE_IDENTIFIER = com.tanmoypanigrahi.SwiftUIDietLog;
				PRODUCT_NAME = "$(TARGET_NAME)";
				SWIFT_VERSION = 5.0;
				TARGETED_DEVICE_FAMILY = "1,2";
			};
			name = Debug;
		};
		A24CCD70263400DC00EEEE34 /* Release */ = {
			isa = XCBuildConfiguration;
			buildSettings = {
				ASSETCATALOG_COMPILER_APPICON_NAME = AppIcon;
				ASSETCATALOG_COMPILER_GLOBAL_ACCENT_COLOR_NAME = AccentColor;
				CODE_SIGN_STYLE = Automatic;
				DEVELOPMENT_ASSET_PATHS = "\"SwiftUIDietLog/Preview Content\"";
				DEVELOPMENT_TEAM = 6TFM969564;
				ENABLE_PREVIEWS = YES;
				INFOPLIST_FILE = SwiftUIDietLog/Info.plist;
				LD_RUNPATH_SEARCH_PATHS = (
					"$(inherited)",
					"@executable_path/Frameworks",
				);
				PRODUCT_BUNDLE_IDENTIFIER = com.tanmoypanigrahi.SwiftUIDietLog;
				PRODUCT_NAME = "$(TARGET_NAME)";
				SWIFT_VERSION = 5.0;
				TARGETED_DEVICE_FAMILY = "1,2";
			};
			name = Release;
		};
/* End XCBuildConfiguration section */

/* Begin XCConfigurationList section */
		A24CCD55263400D900EEEE34 /* Build configuration list for PBXProject "SwiftUIDietLog" */ = {
			isa = XCConfigurationList;
			buildConfigurations = (
				A24CCD6C263400DC00EEEE34 /* Debug */,
				A24CCD6D263400DC00EEEE34 /* Release */,
			);
			defaultConfigurationIsVisible = 0;
			defaultConfigurationName = Release;
		};
		A24CCD6E263400DC00EEEE34 /* Build configuration list for PBXNativeTarget "SwiftUIDietLog" */ = {
			isa = XCConfigurationList;
			buildConfigurations = (
				A24CCD6F263400DC00EEEE34 /* Debug */,
				A24CCD70263400DC00EEEE34 /* Release */,
			);
			defaultConfigurationIsVisible = 0;
			defaultConfigurationName = Release;
		};
/* End XCConfigurationList section */
	};
	rootObject = A24CCD52263400D900EEEE34 /* Project object */;
}
